
Microsoft Visual Studio Solution File, Format Version 12.00
# Visual Studio 15
VisualStudioVersion = 15.0.26124.0
MinimumVisualStudioVersion = 15.0.26124.0
Project("{2150E333-8FDC-42A3-9474-1A3956D46DE8}") = "src", "src", "{A307A155-BF93-4B5C-8562-34566296AE3D}"
EndProject
Project("{FAE04EC0-301F-11D3-BF4B-00C04F79EFBC}") = "MyStoreControl", "src\MyStoreControl\MyStoreControl.csproj", "{CE39D2C8-25DA-4F20-A3DE-157F3019FBF6}"
EndProject
Project("{FAE04EC0-301F-11D3-BF4B-00C04F79EFBC}") = "MyStoreSale", "src\MyStoreSale\MyStoreSale.csproj", "{FFEC1F06-26B9-4D53-A300-CA2DEDD7EC35}"
EndProject
Project("{FAE04EC0-301F-11D3-BF4B-00C04F79EFBC}") = "SharedKernel", "src\SharedKernel\SharedKernel.csproj", "{7E2BC63E-92EB-4D47-AF5C-EB2D062DB6FC}"
EndProject
Project("{2150E333-8FDC-42A3-9474-1A3956D46DE8}") = "test", "test", "{482F7395-B7C8-49E0-ADF1-309759AAC772}"
EndProject
Project("{FAE04EC0-301F-11D3-BF4B-00C04F79EFBC}") = "SharedKernel.Tests", "test\SharedKernel.Tests\SharedKernel.Tests.csproj", "{E711CAD6-2AA9-4DE2-82ED-BAA7D16BCF2D}"
EndProject
Project("{FAE04EC0-301F-11D3-BF4B-00C04F79EFBC}") = "MyStoreControl.IntegrationTests", "test\MyStoreControl.IntegrationTests\MyStoreControl.IntegrationTests.csproj", "{790B954E-A676-468E-B70E-16937B843170}"
EndProject
Global
	GlobalSection(SolutionConfigurationPlatforms) = preSolution
		Debug|Any CPU = Debug|Any CPU
		Debug|x64 = Debug|x64
		Debug|x86 = Debug|x86
		Release|Any CPU = Release|Any CPU
		Release|x64 = Release|x64
		Release|x86 = Release|x86
	EndGlobalSection
	GlobalSection(SolutionProperties) = preSolution
		HideSolutionNode = FALSE
	EndGlobalSection
	GlobalSection(ProjectConfigurationPlatforms) = postSolution
		{CE39D2C8-25DA-4F20-A3DE-157F3019FBF6}.Debug|Any CPU.ActiveCfg = Debug|Any CPU
		{CE39D2C8-25DA-4F20-A3DE-157F3019FBF6}.Debug|Any CPU.Build.0 = Debug|Any CPU
		{CE39D2C8-25DA-4F20-A3DE-157F3019FBF6}.Debug|x64.ActiveCfg = Debug|Any CPU
		{CE39D2C8-25DA-4F20-A3DE-157F3019FBF6}.Debug|x64.Build.0 = Debug|Any CPU
		{CE39D2C8-25DA-4F20-A3DE-157F3019FBF6}.Debug|x86.ActiveCfg = Debug|Any CPU
		{CE39D2C8-25DA-4F20-A3DE-157F3019FBF6}.Debug|x86.Build.0 = Debug|Any CPU
		{CE39D2C8-25DA-4F20-A3DE-157F3019FBF6}.Release|Any CPU.ActiveCfg = Release|Any CPU
		{CE39D2C8-25DA-4F20-A3DE-157F3019FBF6}.Release|Any CPU.Build.0 = Release|Any CPU
		{CE39D2C8-25DA-4F20-A3DE-157F3019FBF6}.Release|x64.ActiveCfg = Release|Any CPU
		{CE39D2C8-25DA-4F20-A3DE-157F3019FBF6}.Release|x64.Build.0 = Release|Any CPU
		{CE39D2C8-25DA-4F20-A3DE-157F3019FBF6}.Release|x86.ActiveCfg = Release|Any CPU
		{CE39D2C8-25DA-4F20-A3DE-157F3019FBF6}.Release|x86.Build.0 = Release|Any CPU
		{FFEC1F06-26B9-4D53-A300-CA2DEDD7EC35}.Debug|Any CPU.ActiveCfg = Debug|Any CPU
		{FFEC1F06-26B9-4D53-A300-CA2DEDD7EC35}.Debug|Any CPU.Build.0 = Debug|Any CPU
		{FFEC1F06-26B9-4D53-A300-CA2DEDD7EC35}.Debug|x64.ActiveCfg = Debug|Any CPU
		{FFEC1F06-26B9-4D53-A300-CA2DEDD7EC35}.Debug|x64.Build.0 = Debug|Any CPU
		{FFEC1F06-26B9-4D53-A300-CA2DEDD7EC35}.Debug|x86.ActiveCfg = Debug|Any CPU
		{FFEC1F06-26B9-4D53-A300-CA2DEDD7EC35}.Debug|x86.Build.0 = Debug|Any CPU
		{FFEC1F06-26B9-4D53-A300-CA2DEDD7EC35}.Release|Any CPU.ActiveCfg = Release|Any CPU
		{FFEC1F06-26B9-4D53-A300-CA2DEDD7EC35}.Release|Any CPU.Build.0 = Release|Any CPU
		{FFEC1F06-26B9-4D53-A300-CA2DEDD7EC35}.Release|x64.ActiveCfg = Release|Any CPU
		{FFEC1F06-26B9-4D53-A300-CA2DEDD7EC35}.Release|x64.Build.0 = Release|Any CPU
		{FFEC1F06-26B9-4D53-A300-CA2DEDD7EC35}.Release|x86.ActiveCfg = Release|Any CPU
		{FFEC1F06-26B9-4D53-A300-CA2DEDD7EC35}.Release|x86.Build.0 = Release|Any CPU
		{7E2BC63E-92EB-4D47-AF5C-EB2D062DB6FC}.Debug|Any CPU.ActiveCfg = Debug|Any CPU
		{7E2BC63E-92EB-4D47-AF5C-EB2D062DB6FC}.Debug|Any CPU.Build.0 = Debug|Any CPU
		{7E2BC63E-92EB-4D47-AF5C-EB2D062DB6FC}.Debug|x64.ActiveCfg = Debug|Any CPU
		{7E2BC63E-92EB-4D47-AF5C-EB2D062DB6FC}.Debug|x64.Build.0 = Debug|Any CPU
		{7E2BC63E-92EB-4D47-AF5C-EB2D062DB6FC}.Debug|x86.ActiveCfg = Debug|Any CPU
		{7E2BC63E-92EB-4D47-AF5C-EB2D062DB6FC}.Debug|x86.Build.0 = Debug|Any CPU
		{7E2BC63E-92EB-4D47-AF5C-EB2D062DB6FC}.Release|Any CPU.ActiveCfg = Release|Any CPU
		{7E2BC63E-92EB-4D47-AF5C-EB2D062DB6FC}.Release|Any CPU.Build.0 = Release|Any CPU
		{7E2BC63E-92EB-4D47-AF5C-EB2D062DB6FC}.Release|x64.ActiveCfg = Release|Any CPU
		{7E2BC63E-92EB-4D47-AF5C-EB2D062DB6FC}.Release|x64.Build.0 = Release|Any CPU
		{7E2BC63E-92EB-4D47-AF5C-EB2D062DB6FC}.Release|x86.ActiveCfg = Release|Any CPU
		{7E2BC63E-92EB-4D47-AF5C-EB2D062DB6FC}.Release|x86.Build.0 = Release|Any CPU
		{E711CAD6-2AA9-4DE2-82ED-BAA7D16BCF2D}.Debug|Any CPU.ActiveCfg = Debug|Any CPU
		{E711CAD6-2AA9-4DE2-82ED-BAA7D16BCF2D}.Debug|Any CPU.Build.0 = Debug|Any CPU
		{E711CAD6-2AA9-4DE2-82ED-BAA7D16BCF2D}.Debug|x64.ActiveCfg = Debug|Any CPU
		{E711CAD6-2AA9-4DE2-82ED-BAA7D16BCF2D}.Debug|x64.Build.0 = Debug|Any CPU
		{E711CAD6-2AA9-4DE2-82ED-BAA7D16BCF2D}.Debug|x86.ActiveCfg = Debug|Any CPU
		{E711CAD6-2AA9-4DE2-82ED-BAA7D16BCF2D}.Debug|x86.Build.0 = Debug|Any CPU
		{E711CAD6-2AA9-4DE2-82ED-BAA7D16BCF2D}.Release|Any CPU.ActiveCfg = Release|Any CPU
		{E711CAD6-2AA9-4DE2-82ED-BAA7D16BCF2D}.Release|Any CPU.Build.0 = Release|Any CPU
		{E711CAD6-2AA9-4DE2-82ED-BAA7D16BCF2D}.Release|x64.ActiveCfg = Release|Any CPU
		{E711CAD6-2AA9-4DE2-82ED-BAA7D16BCF2D}.Release|x64.Build.0 = Release|Any CPU
		{E711CAD6-2AA9-4DE2-82ED-BAA7D16BCF2D}.Release|x86.ActiveCfg = Release|Any CPU
		{E711CAD6-2AA9-4DE2-82ED-BAA7D16BCF2D}.Release|x86.Build.0 = Release|Any CPU
		{790B954E-A676-468E-B70E-16937B843170}.Debug|Any CPU.ActiveCfg = Debug|Any CPU
		{790B954E-A676-468E-B70E-16937B843170}.Debug|Any CPU.Build.0 = Debug|Any CPU
		{790B954E-A676-468E-B70E-16937B843170}.Debug|x64.ActiveCfg = Debug|Any CPU
		{790B954E-A676-468E-B70E-16937B843170}.Debug|x64.Build.0 = Debug|Any CPU
		{790B954E-A676-468E-B70E-16937B843170}.Debug|x86.ActiveCfg = Debug|Any CPU
		{790B954E-A676-468E-B70E-16937B843170}.Debug|x86.Build.0 = Debug|Any CPU
		{790B954E-A676-468E-B70E-16937B843170}.Release|Any CPU.ActiveCfg = Release|Any CPU
		{790B954E-A676-468E-B70E-16937B843170}.Release|Any CPU.Build.0 = Release|Any CPU
		{790B954E-A676-468E-B70E-16937B843170}.Release|x64.ActiveCfg = Release|Any CPU
		{790B954E-A676-468E-B70E-16937B843170}.Release|x64.Build.0 = Release|Any CPU
		{790B954E-A676-468E-B70E-16937B843170}.Release|x86.ActiveCfg = Release|Any CPU
		{790B954E-A676-468E-B70E-16937B843170}.Release|x86.Build.0 = Release|Any CPU
	EndGlobalSection
	GlobalSection(NestedProjects) = preSolution
		{CE39D2C8-25DA-4F20-A3DE-157F3019FBF6} = {A307A155-BF93-4B5C-8562-34566296AE3D}
		{FFEC1F06-26B9-4D53-A300-CA2DEDD7EC35} = {A307A155-BF93-4B5C-8562-34566296AE3D}
		{7E2BC63E-92EB-4D47-AF5C-EB2D062DB6FC} = {A307A155-BF93-4B5C-8562-34566296AE3D}
		{E711CAD6-2AA9-4DE2-82ED-BAA7D16BCF2D} = {482F7395-B7C8-49E0-ADF1-309759AAC772}
		{790B954E-A676-468E-B70E-16937B843170} = {482F7395-B7C8-49E0-ADF1-309759AAC772}
	EndGlobalSection
EndGlobal
